
Microsoft Visual Studio Solution File, Format Version 12.00
# Visual Studio Version 17
VisualStudioVersion = 17.3.32901.215
MinimumVisualStudioVersion = 10.0.40219.1
Project("{FAE04EC0-301F-11D3-BF4B-00C04F79EFBC}") = "SongsReview.Api", "SongsReview.Api\SongsReview.Api.csproj", "{D7A2B043-2C11-4209-ABB3-F410BDE7EFC5}"
EndProject
Project("{FAE04EC0-301F-11D3-BF4B-00C04F79EFBC}") = "SongsReview.Entities", "SongsReview.Entities\SongsReview.Entities.csproj", "{E3BBA28F-B2AB-4774-A87A-1D91DD70A0FE}"
EndProject
Global
	GlobalSection(SolutionConfigurationPlatforms) = preSolution
		Debug|Any CPU = Debug|Any CPU
		Release|Any CPU = Release|Any CPU
	EndGlobalSection
	GlobalSection(ProjectConfigurationPlatforms) = postSolution
		{D7A2B043-2C11-4209-ABB3-F410BDE7EFC5}.Debug|Any CPU.ActiveCfg = Debug|Any CPU
		{D7A2B043-2C11-4209-ABB3-F410BDE7EFC5}.Debug|Any CPU.Build.0 = Debug|Any CPU
		{D7A2B043-2C11-4209-ABB3-F410BDE7EFC5}.Release|Any CPU.ActiveCfg = Release|Any CPU
		{D7A2B043-2C11-4209-ABB3-F410BDE7EFC5}.Release|Any CPU.Build.0 = Release|Any CPU
		{E3BBA28F-B2AB-4774-A87A-1D91DD70A0FE}.Debug|Any CPU.ActiveCfg = Debug|Any CPU
		{E3BBA28F-B2AB-4774-A87A-1D91DD70A0FE}.Debug|Any CPU.Build.0 = Debug|Any CPU
		{E3BBA28F-B2AB-4774-A87A-1D91DD70A0FE}.Release|Any CPU.ActiveCfg = Release|Any CPU
		{E3BBA28F-B2AB-4774-A87A-1D91DD70A0FE}.Release|Any CPU.Build.0 = Release|Any CPU
	EndGlobalSection
	GlobalSection(SolutionProperties) = preSolution
		HideSolutionNode = FALSE
	EndGlobalSection
	GlobalSection(ExtensibilityGlobals) = postSolution
		SolutionGuid = {96683C45-7D14-4F53-BF1A-8E7E9CDAA985}
	EndGlobalSection
EndGlobal
